
Microsoft Visual Studio Solution File, Format Version 12.00
# Visual Studio Version 17
VisualStudioVersion = 17.10.35013.160
MinimumVisualStudioVersion = 10.0.40219.1
Project("{9A19103F-16F7-4668-BE54-9A1E7A4F7556}") = "CryptoExchangeBackend", "CryptoExchangeBackend\CryptoExchangeBackend.csproj", "{2A1102FF-E31F-437F-8F43-0591A20DD470}"
EndProject
Global
	GlobalSection(SolutionConfigurationPlatforms) = preSolution
		Debug|Any CPU = Debug|Any CPU
		Release|Any CPU = Release|Any CPU
	EndGlobalSection
	GlobalSection(ProjectConfigurationPlatforms) = postSolution
		{2A1102FF-E31F-437F-8F43-0591A20DD470}.Debug|Any CPU.ActiveCfg = Debug|Any CPU
		{2A1102FF-E31F-437F-8F43-0591A20DD470}.Debug|Any CPU.Build.0 = Debug|Any CPU
		{2A1102FF-E31F-437F-8F43-0591A20DD470}.Release|Any CPU.ActiveCfg = Release|Any CPU
		{2A1102FF-E31F-437F-8F43-0591A20DD470}.Release|Any CPU.Build.0 = Release|Any CPU
	EndGlobalSection
	GlobalSection(SolutionProperties) = preSolution
		HideSolutionNode = FALSE
	EndGlobalSection
	GlobalSection(ExtensibilityGlobals) = postSolution
		SolutionGuid = {BB1B4CC9-45F0-46D2-8DE6-8DAA6B9EA2C8}
	EndGlobalSection
EndGlobal
